
Microsoft Visual Studio Solution File, Format Version 12.00
# Visual Studio Version 17
VisualStudioVersion = 17.8.34525.116
MinimumVisualStudioVersion = 10.0.40219.1
Project("{888888A0-9F3D-457C-B088-3A5042F75D52}") = "МИТП_лр2", "МИТП_лр2\МИТП_лр2.pyproj", "{DECD7D46-0331-443E-9F9B-D2BF6B72071A}"
EndProject
Global
	GlobalSection(SolutionConfigurationPlatforms) = preSolution
		Debug|Any CPU = Debug|Any CPU
		Release|Any CPU = Release|Any CPU
	EndGlobalSection
	GlobalSection(ProjectConfigurationPlatforms) = postSolution
		{DECD7D46-0331-443E-9F9B-D2BF6B72071A}.Debug|Any CPU.ActiveCfg = Debug|Any CPU
		{DECD7D46-0331-443E-9F9B-D2BF6B72071A}.Release|Any CPU.ActiveCfg = Release|Any CPU
	EndGlobalSection
	GlobalSection(SolutionProperties) = preSolution
		HideSolutionNode = FALSE
	EndGlobalSection
	GlobalSection(ExtensibilityGlobals) = postSolution
		SolutionGuid = {5921CDDE-28DB-4C51-9F53-70CEA7603FDE}
	EndGlobalSection
EndGlobal
